
Microsoft Visual Studio Solution File, Format Version 12.00
# Visual Studio Version 17
VisualStudioVersion = 17.14.36414.22 d17.14
MinimumVisualStudioVersion = 10.0.40219.1
Project("{FAE04EC0-301F-11D3-BF4B-00C04F79EFBC}") = "Bookmaster", "Bookmaster\Bookmaster.csproj", "{5DC519CD-2849-4637-8621-59AD9CADAC1F}"
EndProject
Global
	GlobalSection(SolutionConfigurationPlatforms) = preSolution
		Debug|Any CPU = Debug|Any CPU
		Release|Any CPU = Release|Any CPU
	EndGlobalSection
	GlobalSection(ProjectConfigurationPlatforms) = postSolution
		{5DC519CD-2849-4637-8621-59AD9CADAC1F}.Debug|Any CPU.ActiveCfg = Debug|Any CPU
		{5DC519CD-2849-4637-8621-59AD9CADAC1F}.Debug|Any CPU.Build.0 = Debug|Any CPU
		{5DC519CD-2849-4637-8621-59AD9CADAC1F}.Release|Any CPU.ActiveCfg = Release|Any CPU
		{5DC519CD-2849-4637-8621-59AD9CADAC1F}.Release|Any CPU.Build.0 = Release|Any CPU
	EndGlobalSection
	GlobalSection(SolutionProperties) = preSolution
		HideSolutionNode = FALSE
	EndGlobalSection
	GlobalSection(ExtensibilityGlobals) = postSolution
		SolutionGuid = {7A901246-E991-4916-AF3C-4B32C31FF4DC}
	EndGlobalSection
EndGlobal
